
Microsoft Visual Studio Solution File, Format Version 12.00
# Visual Studio 14
VisualStudioVersion = 14.0.25420.1
MinimumVisualStudioVersion = 10.0.40219.1
Project("{FAE04EC0-301F-11D3-BF4B-00C04F79EFBC}") = "tinyPng_compressor", "tinyPng_compressor\tinyPng_compressor.csproj", "{AAE7D2FD-DD40-4020-B437-943A5EC042B7}"
EndProject
Global
	GlobalSection(SolutionConfigurationPlatforms) = preSolution
		Debug|Any CPU = Debug|Any CPU
		Release|Any CPU = Release|Any CPU
	EndGlobalSection
	GlobalSection(ProjectConfigurationPlatforms) = postSolution
		{AAE7D2FD-DD40-4020-B437-943A5EC042B7}.Debug|Any CPU.ActiveCfg = Debug|Any CPU
		{AAE7D2FD-DD40-4020-B437-943A5EC042B7}.Debug|Any CPU.Build.0 = Debug|Any CPU
		{AAE7D2FD-DD40-4020-B437-943A5EC042B7}.Release|Any CPU.ActiveCfg = Release|Any CPU
		{AAE7D2FD-DD40-4020-B437-943A5EC042B7}.Release|Any CPU.Build.0 = Release|Any CPU
	EndGlobalSection
	GlobalSection(SolutionProperties) = preSolution
		HideSolutionNode = FALSE
	EndGlobalSection
EndGlobal
