# THIS IS AN AUTOGENERATED FILE. DO NOT EDIT THIS FILE DIRECTLY.
# yarn lockfile v1


"promise-nodeify@>= 0.1":
  version "1.0.1"
  resolved "https://registry.yarnpkg.com/promise-nodeify/-/promise-nodeify-1.0.1.tgz#05e78cce162f93021dd285c66dadc38adaaae38c"

"proxying-agent@>= 2.1":
  version "2.1.1"
  resolved "https://registry.yarnpkg.com/proxying-agent/-/proxying-agent-2.1.1.tgz#bdd846ae652ce490b769900d4bb2a5225463ad0a"

tinify@^1.5.0:
  version "1.5.0"
  resolved "https://registry.yarnpkg.com/tinify/-/tinify-1.5.0.tgz#6ba2ea7e8827c845d263de3b46f4db7bad555920"
  dependencies:
    promise-nodeify ">= 0.1"
    proxying-agent ">= 2.1"
